{
  "version": 4,
  "terraform_version": "1.2.8",
  "serial": 6,
  "lineage": "42ecd996-221a-f8a8-198c-552a67860782",
  "outputs": {},
  "resources": [
    {
      "module": "module.compute-instance",
      "mode": "managed",
      "type": "google_compute_instance",
      "name": "vm_instance",
      "provider": "provider[\"registry.terraform.io/hashicorp/google\"]",
      "instances": [
        {
          "schema_version": 6,
          "attributes": {
            "advanced_machine_features": [],
            "allow_stopping_for_update": true,
            "attached_disk": [],
            "boot_disk": [
              {
                "auto_delete": true,
                "device_name": "persistent-disk-0",
                "disk_encryption_key_raw": "",
                "disk_encryption_key_sha256": "",
                "initialize_params": [
                  {
                    "image": "https://www.googleapis.com/compute/v1/projects/debian-cloud/global/images/debian-11-bullseye-v20220822",
                    "labels": {
                      "dataclassification": "clasify",
                      "environment": "dev",
                      "terraform": "yes"
                    },
                    "size": 10,
                    "type": "pd-standard"
                  }
                ],
                "kms_key_self_link": "",
                "mode": "READ_WRITE",
                "source": "https://www.googleapis.com/compute/v1/projects/newlab01/zones/us-central1-a/disks/gce-newlab01-us-central1-laboratory"
              }
            ],
            "can_ip_forward": false,
            "confidential_instance_config": [],
            "cpu_platform": "Intel Broadwell",
            "current_status": "RUNNING",
            "deletion_protection": false,
            "description": "",
            "desired_status": "RUNNING",
            "enable_display": false,
            "guest_accelerator": [],
            "hostname": "",
            "id": "projects/newlab01/zones/us-central1-a/instances/gce-newlab01-us-central1-laboratory",
            "instance_id": "1822602996244345904",
            "label_fingerprint": "KinHIbGtees=",
            "labels": {
              "application-code": "nt521",
              "data_classification": "public",
              "environment": "dev",
              "namespace": "gcs",
              "programme": "transition",
              "project": "newlab01",
              "tier": "4",
              "type": "testing"
            },
            "machine_type": "e2-medium",
            "metadata": {
              "disable-legacy-endpoints": "true"
            },
            "metadata_fingerprint": "KA_1v1ljt64=",
            "metadata_startup_script": null,
            "min_cpu_platform": "",
            "name": "gce-newlab01-us-central1-laboratory",
            "network_interface": [
              {
                "access_config": [],
                "alias_ip_range": [],
                "ipv6_access_config": [],
                "ipv6_access_type": "",
                "name": "nic0",
                "network": "https://www.googleapis.com/compute/v1/projects/newlab01/global/networks/default",
                "network_ip": "10.128.0.5",
                "nic_type": "",
                "queue_count": 0,
                "stack_type": "IPV4_ONLY",
                "subnetwork": "https://www.googleapis.com/compute/v1/projects/newlab01/regions/us-central1/subnetworks/default",
                "subnetwork_project": "newlab01"
              }
            ],
            "project": "newlab01",
            "reservation_affinity": [],
            "resource_policies": null,
            "scheduling": [
              {
                "automatic_restart": true,
                "instance_termination_action": "",
                "min_node_cpus": 0,
                "node_affinities": [],
                "on_host_maintenance": "MIGRATE",
                "preemptible": false,
                "provisioning_model": "STANDARD"
              }
            ],
            "scratch_disk": [],
            "self_link": "https://www.googleapis.com/compute/v1/projects/newlab01/zones/us-central1-a/instances/gce-newlab01-us-central1-laboratory",
            "service_account": [
              {
                "email": "708659795659-compute@developer.gserviceaccount.com",
                "scopes": [
                  "https://www.googleapis.com/auth/cloud-platform"
                ]
              }
            ],
            "shielded_instance_config": [
              {
                "enable_integrity_monitoring": true,
                "enable_secure_boot": false,
                "enable_vtpm": true
              }
            ],
            "tags": null,
            "tags_fingerprint": "42WmSpB8rSM=",
            "timeouts": null,
            "zone": "us-central1-a"
          },
          "sensitive_attributes": [],
          "private": "eyJlMmJmYjczMC1lY2FhLTExZTYtOGY4OC0zNDM2M2JjN2M0YzAiOnsiY3JlYXRlIjoxMjAwMDAwMDAwMDAwLCJkZWxldGUiOjEyMDAwMDAwMDAwMDAsInVwZGF0ZSI6MTIwMDAwMDAwMDAwMH0sInNjaGVtYV92ZXJzaW9uIjoiNiJ9"
        }
      ]
    }
  ]
}
